// !$*UTF8*$!
{
	archiveVersion = 1;
	classes = {
	};
	objectVersion = 50;
	objects = {

/* Begin PBXBuildFile section */
		8417A41222D8431A007825FA /* TopTableViewCell.swift in Sources */ = {isa = PBXBuildFile; fileRef = 8417A41122D8431A007825FA /* TopTableViewCell.swift */; };
		8417A41422D84323007825FA /* BottomTableViewCell.swift in Sources */ = {isa = PBXBuildFile; fileRef = 8417A41322D84323007825FA /* BottomTableViewCell.swift */; };
		8417A41722D86132007825FA /* Extension+String.swift in Sources */ = {isa = PBXBuildFile; fileRef = 8417A41622D86132007825FA /* Extension+String.swift */; };
		8417A41922D88054007825FA /* PopUpViewController.swift in Sources */ = {isa = PBXBuildFile; fileRef = 8417A41822D88054007825FA /* PopUpViewController.swift */; };
		8417A42322D89665007825FA /* Extension+Date.swift in Sources */ = {isa = PBXBuildFile; fileRef = 8417A42222D89665007825FA /* Extension+Date.swift */; };
		8425727522DB722A00059648 /* Extension+UIDatePicker.swift in Sources */ = {isa = PBXBuildFile; fileRef = 8425727422DB722A00059648 /* Extension+UIDatePicker.swift */; };
		842DB4CA22D8C859009C8048 /* Extension+UITableView.swift in Sources */ = {isa = PBXBuildFile; fileRef = 842DB4C922D8C859009C8048 /* Extension+UITableView.swift */; };
		8466123422D761B000398B9A /* AppDelegate.swift in Sources */ = {isa = PBXBuildFile; fileRef = 8466123322D761B000398B9A /* AppDelegate.swift */; };
		8466123622D761B000398B9A /* MainViewController.swift in Sources */ = {isa = PBXBuildFile; fileRef = 8466123522D761B000398B9A /* MainViewController.swift */; };
		8466123922D761B000398B9A /* Main.storyboard in Resources */ = {isa = PBXBuildFile; fileRef = 8466123722D761B000398B9A /* Main.storyboard */; };
		8466123B22D761B200398B9A /* Assets.xcassets in Resources */ = {isa = PBXBuildFile; fileRef = 8466123A22D761B200398B9A /* Assets.xcassets */; };
		8466123E22D761B200398B9A /* LaunchScreen.storyboard in Resources */ = {isa = PBXBuildFile; fileRef = 8466123C22D761B200398B9A /* LaunchScreen.storyboard */; };
		8466124B22D7644F00398B9A /* Exchange.swift in Sources */ = {isa = PBXBuildFile; fileRef = 8466124A22D7644F00398B9A /* Exchange.swift */; };
		8466124E22D764CA00398B9A /* NetworkManager.swift in Sources */ = {isa = PBXBuildFile; fileRef = 8466124D22D764CA00398B9A /* NetworkManager.swift */; };
/* End PBXBuildFile section */

/* Begin PBXFileReference section */
		8417A41122D8431A007825FA /* TopTableViewCell.swift */ = {isa = PBXFileReference; lastKnownFileType = sourcecode.swift; path = TopTableViewCell.swift; sourceTree = "<group>"; };
		8417A41322D84323007825FA /* BottomTableViewCell.swift */ = {isa = PBXFileReference; lastKnownFileType = sourcecode.swift; path = BottomTableViewCell.swift; sourceTree = "<group>"; };
		8417A41622D86132007825FA /* Extension+String.swift */ = {isa = PBXFileReference; lastKnownFileType = sourcecode.swift; path = "Extension+String.swift"; sourceTree = "<group>"; };
		8417A41822D88054007825FA /* PopUpViewController.swift */ = {isa = PBXFileReference; lastKnownFileType = sourcecode.swift; path = PopUpViewController.swift; sourceTree = "<group>"; };
		8417A42222D89665007825FA /* Extension+Date.swift */ = {isa = PBXFileReference; lastKnownFileType = sourcecode.swift; path = "Extension+Date.swift"; sourceTree = "<group>"; };
		8425727422DB722A00059648 /* Extension+UIDatePicker.swift */ = {isa = PBXFileReference; lastKnownFileType = sourcecode.swift; path = "Extension+UIDatePicker.swift"; sourceTree = "<group>"; };
		842DB4C922D8C859009C8048 /* Extension+UITableView.swift */ = {isa = PBXFileReference; lastKnownFileType = sourcecode.swift; path = "Extension+UITableView.swift"; sourceTree = "<group>"; };
		8466123022D761B000398B9A /* Exchange Rates.app */ = {isa = PBXFileReference; explicitFileType = wrapper.application; includeInIndex = 0; path = "Exchange Rates.app"; sourceTree = BUILT_PRODUCTS_DIR; };
		8466123322D761B000398B9A /* AppDelegate.swift */ = {isa = PBXFileReference; lastKnownFileType = sourcecode.swift; path = AppDelegate.swift; sourceTree = "<group>"; };
		8466123522D761B000398B9A /* MainViewController.swift */ = {isa = PBXFileReference; lastKnownFileType = sourcecode.swift; path = MainViewController.swift; sourceTree = "<group>"; };
		8466123822D761B000398B9A /* Base */ = {isa = PBXFileReference; lastKnownFileType = file.storyboard; name = Base; path = Base.lproj/Main.storyboard; sourceTree = "<group>"; };
		8466123A22D761B200398B9A /* Assets.xcassets */ = {isa = PBXFileReference; lastKnownFileType = folder.assetcatalog; path = Assets.xcassets; sourceTree = "<group>"; };
		8466123D22D761B200398B9A /* Base */ = {isa = PBXFileReference; lastKnownFileType = file.storyboard; name = Base; path = Base.lproj/LaunchScreen.storyboard; sourceTree = "<group>"; };
		8466123F22D761B200398B9A /* Info.plist */ = {isa = PBXFileReference; lastKnownFileType = text.plist.xml; path = Info.plist; sourceTree = "<group>"; };
		8466124A22D7644F00398B9A /* Exchange.swift */ = {isa = PBXFileReference; lastKnownFileType = sourcecode.swift; path = Exchange.swift; sourceTree = "<group>"; };
		8466124D22D764CA00398B9A /* NetworkManager.swift */ = {isa = PBXFileReference; lastKnownFileType = sourcecode.swift; path = NetworkManager.swift; sourceTree = "<group>"; };
/* End PBXFileReference section */

/* Begin PBXFrameworksBuildPhase section */
		8466122D22D761B000398B9A /* Frameworks */ = {
			isa = PBXFrameworksBuildPhase;
			buildActionMask = 2147483647;
			files = (
			);
			runOnlyForDeploymentPostprocessing = 0;
		};
/* End PBXFrameworksBuildPhase section */

/* Begin PBXGroup section */
		8417A41522D8611F007825FA /* Extensions */ = {
			isa = PBXGroup;
			children = (
				8417A42222D89665007825FA /* Extension+Date.swift */,
				8417A41622D86132007825FA /* Extension+String.swift */,
				8425727422DB722A00059648 /* Extension+UIDatePicker.swift */,
				842DB4C922D8C859009C8048 /* Extension+UITableView.swift */,
			);
			path = Extensions;
			sourceTree = "<group>";
		};
		8466122722D761B000398B9A = {
			isa = PBXGroup;
			children = (
				8466123222D761B000398B9A /* Exchange Rates */,
				8466123122D761B000398B9A /* Products */,
			);
			sourceTree = "<group>";
		};
		8466123122D761B000398B9A /* Products */ = {
			isa = PBXGroup;
			children = (
				8466123022D761B000398B9A /* Exchange Rates.app */,
			);
			name = Products;
			sourceTree = "<group>";
		};
		8466123222D761B000398B9A /* Exchange Rates */ = {
			isa = PBXGroup;
			children = (
				8466124C22D764BE00398B9A /* Service */,
				8466124922D761F900398B9A /* Models */,
				8466124822D761ED00398B9A /* Views */,
				8466124722D761E400398B9A /* Controllers */,
				8417A41522D8611F007825FA /* Extensions */,
				8466124622D761D000398B9A /* Supporting Files */,
			);
			path = "Exchange Rates";
			sourceTree = "<group>";
		};
		8466124622D761D000398B9A /* Supporting Files */ = {
			isa = PBXGroup;
			children = (
				8466123322D761B000398B9A /* AppDelegate.swift */,
				8466123A22D761B200398B9A /* Assets.xcassets */,
				8466123F22D761B200398B9A /* Info.plist */,
			);
			path = "Supporting Files";
			sourceTree = "<group>";
		};
		8466124722D761E400398B9A /* Controllers */ = {
			isa = PBXGroup;
			children = (
				8466123522D761B000398B9A /* MainViewController.swift */,
				8417A41822D88054007825FA /* PopUpViewController.swift */,
			);
			path = Controllers;
			sourceTree = "<group>";
		};
		8466124822D761ED00398B9A /* Views */ = {
			isa = PBXGroup;
			children = (
				8466123722D761B000398B9A /* Main.storyboard */,
				8466123C22D761B200398B9A /* LaunchScreen.storyboard */,
				8417A41122D8431A007825FA /* TopTableViewCell.swift */,
				8417A41322D84323007825FA /* BottomTableViewCell.swift */,
			);
			path = Views;
			sourceTree = "<group>";
		};
		8466124922D761F900398B9A /* Models */ = {
			isa = PBXGroup;
			children = (
				8466124A22D7644F00398B9A /* Exchange.swift */,
			);
			path = Models;
			sourceTree = "<group>";
		};
		8466124C22D764BE00398B9A /* Service */ = {
			isa = PBXGroup;
			children = (
				8466124D22D764CA00398B9A /* NetworkManager.swift */,
			);
			path = Service;
			sourceTree = "<group>";
		};
/* End PBXGroup section */

/* Begin PBXNativeTarget section */
		8466122F22D761B000398B9A /* Exchange Rates */ = {
			isa = PBXNativeTarget;
			buildConfigurationList = 8466124222D761B200398B9A /* Build configuration list for PBXNativeTarget "Exchange Rates" */;
			buildPhases = (
				8466122C22D761B000398B9A /* Sources */,
				8466122D22D761B000398B9A /* Frameworks */,
				8466122E22D761B000398B9A /* Resources */,
			);
			buildRules = (
			);
			dependencies = (
			);
			name = "Exchange Rates";
			productName = "Exchange Rates";
			productReference = 8466123022D761B000398B9A /* Exchange Rates.app */;
			productType = "com.apple.product-type.application";
		};
/* End PBXNativeTarget section */

/* Begin PBXProject section */
		8466122822D761B000398B9A /* Project object */ = {
			isa = PBXProject;
			attributes = {
				LastSwiftUpdateCheck = 1020;
				LastUpgradeCheck = 1020;
				ORGANIZATIONNAME = "Michael Tseitlin";
				TargetAttributes = {
					8466122F22D761B000398B9A = {
						CreatedOnToolsVersion = 10.2.1;
					};
				};
			};
			buildConfigurationList = 8466122B22D761B000398B9A /* Build configuration list for PBXProject "Exchange Rates" */;
			compatibilityVersion = "Xcode 9.3";
			developmentRegion = en;
			hasScannedForEncodings = 0;
			knownRegions = (
				en,
				Base,
			);
			mainGroup = 8466122722D761B000398B9A;
			productRefGroup = 8466123122D761B000398B9A /* Products */;
			projectDirPath = "";
			projectRoot = "";
			targets = (
				8466122F22D761B000398B9A /* Exchange Rates */,
			);
		};
/* End PBXProject section */

/* Begin PBXResourcesBuildPhase section */
		8466122E22D761B000398B9A /* Resources */ = {
			isa = PBXResourcesBuildPhase;
			buildActionMask = 2147483647;
			files = (
				8466123E22D761B200398B9A /* LaunchScreen.storyboard in Resources */,
				8466123B22D761B200398B9A /* Assets.xcassets in Resources */,
				8466123922D761B000398B9A /* Main.storyboard in Resources */,
			);
			runOnlyForDeploymentPostprocessing = 0;
		};
/* End PBXResourcesBuildPhase section */

/* Begin PBXSourcesBuildPhase section */
		8466122C22D761B000398B9A /* Sources */ = {
			isa = PBXSourcesBuildPhase;
			buildActionMask = 2147483647;
			files = (
				8417A41422D84323007825FA /* BottomTableViewCell.swift in Sources */,
				842DB4CA22D8C859009C8048 /* Extension+UITableView.swift in Sources */,
				8417A41722D86132007825FA /* Extension+String.swift in Sources */,
				8466124E22D764CA00398B9A /* NetworkManager.swift in Sources */,
				8417A42322D89665007825FA /* Extension+Date.swift in Sources */,
				8425727522DB722A00059648 /* Extension+UIDatePicker.swift in Sources */,
				8417A41222D8431A007825FA /* TopTableViewCell.swift in Sources */,
				8466123622D761B000398B9A /* MainViewController.swift in Sources */,
				8466123422D761B000398B9A /* AppDelegate.swift in Sources */,
				8466124B22D7644F00398B9A /* Exchange.swift in Sources */,
				8417A41922D88054007825FA /* PopUpViewController.swift in Sources */,
			);
			runOnlyForDeploymentPostprocessing = 0;
		};
/* End PBXSourcesBuildPhase section */

/* Begin PBXVariantGroup section */
		8466123722D761B000398B9A /* Main.storyboard */ = {
			isa = PBXVariantGroup;
			children = (
				8466123822D761B000398B9A /* Base */,
			);
			name = Main.storyboard;
			sourceTree = "<group>";
		};
		8466123C22D761B200398B9A /* LaunchScreen.storyboard */ = {
			isa = PBXVariantGroup;
			children = (
				8466123D22D761B200398B9A /* Base */,
			);
			name = LaunchScreen.storyboard;
			sourceTree = "<group>";
		};
/* End PBXVariantGroup section */

/* Begin XCBuildConfiguration section */
		8466124022D761B200398B9A /* Debug */ = {
			isa = XCBuildConfiguration;
			buildSettings = {
				ALWAYS_SEARCH_USER_PATHS = NO;
				CLANG_ANALYZER_NONNULL = YES;
				CLANG_ANALYZER_NUMBER_OBJECT_CONVERSION = YES_AGGRESSIVE;
				CLANG_CXX_LANGUAGE_STANDARD = "gnu++14";
				CLANG_CXX_LIBRARY = "libc++";
				CLANG_ENABLE_MODULES = YES;
				CLANG_ENABLE_OBJC_ARC = YES;
				CLANG_ENABLE_OBJC_WEAK = YES;
				CLANG_WARN_BLOCK_CAPTURE_AUTORELEASING = YES;
				CLANG_WARN_BOOL_CONVERSION = YES;
				CLANG_WARN_COMMA = YES;
				CLANG_WARN_CONSTANT_CONVERSION = YES;
				CLANG_WARN_DEPRECATED_OBJC_IMPLEMENTATIONS = YES;
				CLANG_WARN_DIRECT_OBJC_ISA_USAGE = YES_ERROR;
				CLANG_WARN_DOCUMENTATION_COMMENTS = YES;
				CLANG_WARN_EMPTY_BODY = YES;
				CLANG_WARN_ENUM_CONVERSION = YES;
				CLANG_WARN_INFINITE_RECURSION = YES;
				CLANG_WARN_INT_CONVERSION = YES;
				CLANG_WARN_NON_LITERAL_NULL_CONVERSION = YES;
				CLANG_WARN_OBJC_IMPLICIT_RETAIN_SELF = YES;
				CLANG_WARN_OBJC_LITERAL_CONVERSION = YES;
				CLANG_WARN_OBJC_ROOT_CLASS = YES_ERROR;
				CLANG_WARN_RANGE_LOOP_ANALYSIS = YES;
				CLANG_WARN_STRICT_PROTOTYPES = YES;
				CLANG_WARN_SUSPICIOUS_MOVE = YES;
				CLANG_WARN_UNGUARDED_AVAILABILITY = YES_AGGRESSIVE;
				CLANG_WARN_UNREACHABLE_CODE = YES;
				CLANG_WARN__DUPLICATE_METHOD_MATCH = YES;
				CODE_SIGN_IDENTITY = "iPhone Developer";
				COPY_PHASE_STRIP = NO;
				DEBUG_INFORMATION_FORMAT = dwarf;
				ENABLE_STRICT_OBJC_MSGSEND = YES;
				ENABLE_TESTABILITY = YES;
				GCC_C_LANGUAGE_STANDARD = gnu11;
				GCC_DYNAMIC_NO_PIC = NO;
				GCC_NO_COMMON_BLOCKS = YES;
				GCC_OPTIMIZATION_LEVEL = 0;
				GCC_PREPROCESSOR_DEFINITIONS = (
					"DEBUG=1",
					"$(inherited)",
				);
				GCC_WARN_64_TO_32_BIT_CONVERSION = YES;
				GCC_WARN_ABOUT_RETURN_TYPE = YES_ERROR;
				GCC_WARN_UNDECLARED_SELECTOR = YES;
				GCC_WARN_UNINITIALIZED_AUTOS = YES_AGGRESSIVE;
				GCC_WARN_UNUSED_FUNCTION = YES;
				GCC_WARN_UNUSED_VARIABLE = YES;
				IPHONEOS_DEPLOYMENT_TARGET = 12.2;
				MTL_ENABLE_DEBUG_INFO = INCLUDE_SOURCE;
				MTL_FAST_MATH = YES;
				ONLY_ACTIVE_ARCH = YES;
				SDKROOT = iphoneos;
				SWIFT_ACTIVE_COMPILATION_CONDITIONS = DEBUG;
				SWIFT_OPTIMIZATION_LEVEL = "-Onone";
			};
			name = Debug;
		};
		8466124122D761B200398B9A /* Release */ = {
			isa = XCBuildConfiguration;
			buildSettings = {
				ALWAYS_SEARCH_USER_PATHS = NO;
				CLANG_ANALYZER_NONNULL = YES;
				CLANG_ANALYZER_NUMBER_OBJECT_CONVERSION = YES_AGGRESSIVE;
				CLANG_CXX_LANGUAGE_STANDARD = "gnu++14";
				CLANG_CXX_LIBRARY = "libc++";
				CLANG_ENABLE_MODULES = YES;
				CLANG_ENABLE_OBJC_ARC = YES;
				CLANG_ENABLE_OBJC_WEAK = YES;
				CLANG_WARN_BLOCK_CAPTURE_AUTORELEASING = YES;
				CLANG_WARN_BOOL_CONVERSION = YES;
				CLANG_WARN_COMMA = YES;
				CLANG_WARN_CONSTANT_CONVERSION = YES;
				CLANG_WARN_DEPRECATED_OBJC_IMPLEMENTATIONS = YES;
				CLANG_WARN_DIRECT_OBJC_ISA_USAGE = YES_ERROR;
				CLANG_WARN_DOCUMENTATION_COMMENTS = YES;
				CLANG_WARN_EMPTY_BODY = YES;
				CLANG_WARN_ENUM_CONVERSION = YES;
				CLANG_WARN_INFINITE_RECURSION = YES;
				CLANG_WARN_INT_CONVERSION = YES;
				CLANG_WARN_NON_LITERAL_NULL_CONVERSION = YES;
				CLANG_WARN_OBJC_IMPLICIT_RETAIN_SELF = YES;
				CLANG_WARN_OBJC_LITERAL_CONVERSION = YES;
				CLANG_WARN_OBJC_ROOT_CLASS = YES_ERROR;
				CLANG_WARN_RANGE_LOOP_ANALYSIS = YES;
				CLANG_WARN_STRICT_PROTOTYPES = YES;
				CLANG_WARN_SUSPICIOUS_MOVE = YES;
				CLANG_WARN_UNGUARDED_AVAILABILITY = YES_AGGRESSIVE;
				CLANG_WARN_UNREACHABLE_CODE = YES;
				CLANG_WARN__DUPLICATE_METHOD_MATCH = YES;
				CODE_SIGN_IDENTITY = "iPhone Developer";
				COPY_PHASE_STRIP = NO;
				DEBUG_INFORMATION_FORMAT = "dwarf-with-dsym";
				ENABLE_NS_ASSERTIONS = NO;
				ENABLE_STRICT_OBJC_MSGSEND = YES;
				GCC_C_LANGUAGE_STANDARD = gnu11;
				GCC_NO_COMMON_BLOCKS = YES;
				GCC_WARN_64_TO_32_BIT_CONVERSION = YES;
				GCC_WARN_ABOUT_RETURN_TYPE = YES_ERROR;
				GCC_WARN_UNDECLARED_SELECTOR = YES;
				GCC_WARN_UNINITIALIZED_AUTOS = YES_AGGRESSIVE;
				GCC_WARN_UNUSED_FUNCTION = YES;
				GCC_WARN_UNUSED_VARIABLE = YES;
				IPHONEOS_DEPLOYMENT_TARGET = 12.2;
				MTL_ENABLE_DEBUG_INFO = NO;
				MTL_FAST_MATH = YES;
				SDKROOT = iphoneos;
				SWIFT_COMPILATION_MODE = wholemodule;
				SWIFT_OPTIMIZATION_LEVEL = "-O";
				VALIDATE_PRODUCT = YES;
			};
			name = Release;
		};
		8466124322D761B200398B9A /* Debug */ = {
			isa = XCBuildConfiguration;
			buildSettings = {
				ASSETCATALOG_COMPILER_APPICON_NAME = AppIcon;
				CODE_SIGN_STYLE = Automatic;
				DEVELOPMENT_TEAM = XXH56N6WGN;
				INFOPLIST_FILE = "$(SRCROOT)/Exchange Rates/Supporting Files/Info.plist";
				LD_RUNPATH_SEARCH_PATHS = (
					"$(inherited)",
					"@executable_path/Frameworks",
				);
				PRODUCT_BUNDLE_IDENTIFIER = "tseitlin.Exchange-Rates";
				PRODUCT_NAME = "$(TARGET_NAME)";
				SWIFT_VERSION = 5.0;
				TARGETED_DEVICE_FAMILY = "1,2";
			};
			name = Debug;
		};
		8466124422D761B200398B9A /* Release */ = {
			isa = XCBuildConfiguration;
			buildSettings = {
				ASSETCATALOG_COMPILER_APPICON_NAME = AppIcon;
				CODE_SIGN_STYLE = Automatic;
				DEVELOPMENT_TEAM = XXH56N6WGN;
				INFOPLIST_FILE = "$(SRCROOT)/Exchange Rates/Supporting Files/Info.plist";
				LD_RUNPATH_SEARCH_PATHS = (
					"$(inherited)",
					"@executable_path/Frameworks",
				);
				PRODUCT_BUNDLE_IDENTIFIER = "tseitlin.Exchange-Rates";
				PRODUCT_NAME = "$(TARGET_NAME)";
				SWIFT_VERSION = 5.0;
				TARGETED_DEVICE_FAMILY = "1,2";
			};
			name = Release;
		};
/* End XCBuildConfiguration section */

/* Begin XCConfigurationList section */
		8466122B22D761B000398B9A /* Build configuration list for PBXProject "Exchange Rates" */ = {
			isa = XCConfigurationList;
			buildConfigurations = (
				8466124022D761B200398B9A /* Debug */,
				8466124122D761B200398B9A /* Release */,
			);
			defaultConfigurationIsVisible = 0;
			defaultConfigurationName = Release;
		};
		8466124222D761B200398B9A /* Build configuration list for PBXNativeTarget "Exchange Rates" */ = {
			isa = XCConfigurationList;
			buildConfigurations = (
				8466124322D761B200398B9A /* Debug */,
				8466124422D761B200398B9A /* Release */,
			);
			defaultConfigurationIsVisible = 0;
			defaultConfigurationName = Release;
		};
/* End XCConfigurationList section */
	};
	rootObject = 8466122822D761B000398B9A /* Project object */;
}
